
Microsoft Visual Studio Solution File, Format Version 12.00
# Visual Studio 15
VisualStudioVersion = 15.0.27130.2036
MinimumVisualStudioVersion = 10.0.40219.1
Project("{9A19103F-16F7-4668-BE54-9A1E7A4F7556}") = "OrleansMinio", "OrleansMinio\OrleansMinio.csproj", "{477E5975-ED44-4780-943E-CE4B7A972C1D}"
EndProject
Project("{9A19103F-16F7-4668-BE54-9A1E7A4F7556}") = "OrleansMinio.Grains", "OrleansMinio.Grains\OrleansMinio.Grains.csproj", "{D5899F7B-6437-4475-A6E0-70001F2F5C65}"
EndProject
Project("{9A19103F-16F7-4668-BE54-9A1E7A4F7556}") = "OrleansMinio.GrainInterfaces", "OrleansMinio.GrainInterfaces\OrleansMinio.GrainInterfaces.csproj", "{D9E6AAB1-8525-4915-A0BA-047A89830C0D}"
EndProject
Project("{9A19103F-16F7-4668-BE54-9A1E7A4F7556}") = "OrleansMinio.Silo", "OrleansMinio.Silo\OrleansMinio.Silo.csproj", "{5CD9A950-B642-4532-852E-7FDBF14CC2E4}"
EndProject
Project("{9A19103F-16F7-4668-BE54-9A1E7A4F7556}") = "OrleansMinio.Client", "OrleansMinio.Client\OrleansMinio.Client.csproj", "{2305B32E-D4C8-49CD-9430-47DA9E72A516}"
EndProject
Project("{2150E333-8FDC-42A3-9474-1A3956D46DE8}") = "Locust", "Locust", "{CA7D5168-B8F6-4DE8-8534-93F0C865FE14}"
	ProjectSection(SolutionItems) = preProject
		OrleansMinio.Locust\loadtest.py = OrleansMinio.Locust\loadtest.py
	EndProjectSection
EndProject
Project("{FAE04EC0-301F-11D3-BF4B-00C04F79EFBC}") = "OrleansMinio.ClientTest", "OrleansMinio.ClientTest\OrleansMinio.ClientTest.csproj", "{428AA809-CBE7-436F-A3B4-8721E65E1BC3}"
EndProject
Global
	GlobalSection(SolutionConfigurationPlatforms) = preSolution
		Debug|Any CPU = Debug|Any CPU
		Release|Any CPU = Release|Any CPU
	EndGlobalSection
	GlobalSection(ProjectConfigurationPlatforms) = postSolution
		{477E5975-ED44-4780-943E-CE4B7A972C1D}.Debug|Any CPU.ActiveCfg = Debug|Any CPU
		{477E5975-ED44-4780-943E-CE4B7A972C1D}.Debug|Any CPU.Build.0 = Debug|Any CPU
		{477E5975-ED44-4780-943E-CE4B7A972C1D}.Release|Any CPU.ActiveCfg = Release|Any CPU
		{477E5975-ED44-4780-943E-CE4B7A972C1D}.Release|Any CPU.Build.0 = Release|Any CPU
		{D5899F7B-6437-4475-A6E0-70001F2F5C65}.Debug|Any CPU.ActiveCfg = Debug|Any CPU
		{D5899F7B-6437-4475-A6E0-70001F2F5C65}.Debug|Any CPU.Build.0 = Debug|Any CPU
		{D5899F7B-6437-4475-A6E0-70001F2F5C65}.Release|Any CPU.ActiveCfg = Release|Any CPU
		{D5899F7B-6437-4475-A6E0-70001F2F5C65}.Release|Any CPU.Build.0 = Release|Any CPU
		{D9E6AAB1-8525-4915-A0BA-047A89830C0D}.Debug|Any CPU.ActiveCfg = Debug|Any CPU
		{D9E6AAB1-8525-4915-A0BA-047A89830C0D}.Debug|Any CPU.Build.0 = Debug|Any CPU
		{D9E6AAB1-8525-4915-A0BA-047A89830C0D}.Release|Any CPU.ActiveCfg = Release|Any CPU
		{D9E6AAB1-8525-4915-A0BA-047A89830C0D}.Release|Any CPU.Build.0 = Release|Any CPU
		{5CD9A950-B642-4532-852E-7FDBF14CC2E4}.Debug|Any CPU.ActiveCfg = Debug|Any CPU
		{5CD9A950-B642-4532-852E-7FDBF14CC2E4}.Debug|Any CPU.Build.0 = Debug|Any CPU
		{5CD9A950-B642-4532-852E-7FDBF14CC2E4}.Release|Any CPU.ActiveCfg = Release|Any CPU
		{5CD9A950-B642-4532-852E-7FDBF14CC2E4}.Release|Any CPU.Build.0 = Release|Any CPU
		{2305B32E-D4C8-49CD-9430-47DA9E72A516}.Debug|Any CPU.ActiveCfg = Debug|Any CPU
		{2305B32E-D4C8-49CD-9430-47DA9E72A516}.Debug|Any CPU.Build.0 = Debug|Any CPU
		{2305B32E-D4C8-49CD-9430-47DA9E72A516}.Release|Any CPU.ActiveCfg = Release|Any CPU
		{2305B32E-D4C8-49CD-9430-47DA9E72A516}.Release|Any CPU.Build.0 = Release|Any CPU
		{428AA809-CBE7-436F-A3B4-8721E65E1BC3}.Debug|Any CPU.ActiveCfg = Debug|Any CPU
		{428AA809-CBE7-436F-A3B4-8721E65E1BC3}.Debug|Any CPU.Build.0 = Debug|Any CPU
		{428AA809-CBE7-436F-A3B4-8721E65E1BC3}.Release|Any CPU.ActiveCfg = Release|Any CPU
		{428AA809-CBE7-436F-A3B4-8721E65E1BC3}.Release|Any CPU.Build.0 = Release|Any CPU
	EndGlobalSection
	GlobalSection(SolutionProperties) = preSolution
		HideSolutionNode = FALSE
	EndGlobalSection
	GlobalSection(ExtensibilityGlobals) = postSolution
		SolutionGuid = {793C6249-5DA8-4DA7-97F9-D6646A79B131}
	EndGlobalSection
	GlobalSection(Performance) = preSolution
		HasPerformanceSessions = true
	EndGlobalSection
EndGlobal
